
Microsoft Visual Studio Solution File, Format Version 12.00
# Visual Studio 14
VisualStudioVersion = 14.0.24720.0
MinimumVisualStudioVersion = 10.0.40219.1
Project("{FAE04EC0-301F-11D3-BF4B-00C04F79EFBC}") = "RaysHotDogs.Core", "RaysHotDogs.Core\RaysHotDogs.Core.csproj", "{FDAF3645-83BA-4F51-9F6A-CCD8AA1115BC}"
EndProject
Global
	GlobalSection(SolutionConfigurationPlatforms) = preSolution
		Debug|Any CPU = Debug|Any CPU
		Release|Any CPU = Release|Any CPU
	EndGlobalSection
	GlobalSection(ProjectConfigurationPlatforms) = postSolution
		{FDAF3645-83BA-4F51-9F6A-CCD8AA1115BC}.Debug|Any CPU.ActiveCfg = Debug|Any CPU
		{FDAF3645-83BA-4F51-9F6A-CCD8AA1115BC}.Debug|Any CPU.Build.0 = Debug|Any CPU
		{FDAF3645-83BA-4F51-9F6A-CCD8AA1115BC}.Release|Any CPU.ActiveCfg = Release|Any CPU
		{FDAF3645-83BA-4F51-9F6A-CCD8AA1115BC}.Release|Any CPU.Build.0 = Release|Any CPU
	EndGlobalSection
	GlobalSection(SolutionProperties) = preSolution
		HideSolutionNode = FALSE
	EndGlobalSection
EndGlobal
